// !$*UTF8*$!
{
	archiveVersion = 1;
	classes = {
	};
	objectVersion = 55;
	objects = {

/* Begin PBXBuildFile section */
		BE120D1E29581D3C001688BE /* DetailViewController.swift in Sources */ = {isa = PBXBuildFile; fileRef = BE120D1D29581D3C001688BE /* DetailViewController.swift */; };
		BE7D90102955752100919828 /* AppDelegate.swift in Sources */ = {isa = PBXBuildFile; fileRef = BE7D900F2955752100919828 /* AppDelegate.swift */; };
		BE7D90122955752200919828 /* SceneDelegate.swift in Sources */ = {isa = PBXBuildFile; fileRef = BE7D90112955752200919828 /* SceneDelegate.swift */; };
		BE7D90142955752200919828 /* MainViewController.swift in Sources */ = {isa = PBXBuildFile; fileRef = BE7D90132955752200919828 /* MainViewController.swift */; };
		BE7D901A2955752200919828 /* TestTaskForCFT.xcdatamodeld in Sources */ = {isa = PBXBuildFile; fileRef = BE7D90182955752200919828 /* TestTaskForCFT.xcdatamodeld */; };
		BE7D901C2955752900919828 /* Assets.xcassets in Resources */ = {isa = PBXBuildFile; fileRef = BE7D901B2955752900919828 /* Assets.xcassets */; };
		BE7D901F2955752900919828 /* LaunchScreen.storyboard in Resources */ = {isa = PBXBuildFile; fileRef = BE7D901D2955752900919828 /* LaunchScreen.storyboard */; };
		BE7D902E29557AF800919828 /* TaskEntity.swift in Sources */ = {isa = PBXBuildFile; fileRef = BE7D902D29557AF800919828 /* TaskEntity.swift */; };
		BE7D903329557BCF00919828 /* SnapKit in Frameworks */ = {isa = PBXBuildFile; productRef = BE7D903229557BCF00919828 /* SnapKit */; };
		BE7D903529557ED300919828 /* MainViewModel.swift in Sources */ = {isa = PBXBuildFile; fileRef = BE7D903429557ED300919828 /* MainViewModel.swift */; };
		BE7D9038295580E600919828 /* TextField + Extension.swift in Sources */ = {isa = PBXBuildFile; fileRef = BE7D9037295580E600919828 /* TextField + Extension.swift */; };
		BE7D903A2955848100919828 /* MainTableViewCell.swift in Sources */ = {isa = PBXBuildFile; fileRef = BE7D90392955848100919828 /* MainTableViewCell.swift */; };
		BE7D903C29558BA600919828 /* CoreDataManager.swift in Sources */ = {isa = PBXBuildFile; fileRef = BE7D903B29558BA600919828 /* CoreDataManager.swift */; };
		BE7D903E2955952A00919828 /* ModuleBuilder.swift in Sources */ = {isa = PBXBuildFile; fileRef = BE7D903D2955952A00919828 /* ModuleBuilder.swift */; };
/* End PBXBuildFile section */

/* Begin PBXFileReference section */
		BE120D1D29581D3C001688BE /* DetailViewController.swift */ = {isa = PBXFileReference; lastKnownFileType = sourcecode.swift; path = DetailViewController.swift; sourceTree = "<group>"; };
		BE7D900C2955752100919828 /* TestTaskForCFT.app */ = {isa = PBXFileReference; explicitFileType = wrapper.application; includeInIndex = 0; path = TestTaskForCFT.app; sourceTree = BUILT_PRODUCTS_DIR; };
		BE7D900F2955752100919828 /* AppDelegate.swift */ = {isa = PBXFileReference; lastKnownFileType = sourcecode.swift; path = AppDelegate.swift; sourceTree = "<group>"; };
		BE7D90112955752200919828 /* SceneDelegate.swift */ = {isa = PBXFileReference; lastKnownFileType = sourcecode.swift; path = SceneDelegate.swift; sourceTree = "<group>"; };
		BE7D90132955752200919828 /* MainViewController.swift */ = {isa = PBXFileReference; lastKnownFileType = sourcecode.swift; path = MainViewController.swift; sourceTree = "<group>"; };
		BE7D90192955752200919828 /* TestTaskForCFT.xcdatamodel */ = {isa = PBXFileReference; lastKnownFileType = wrapper.xcdatamodel; path = TestTaskForCFT.xcdatamodel; sourceTree = "<group>"; };
		BE7D901B2955752900919828 /* Assets.xcassets */ = {isa = PBXFileReference; lastKnownFileType = folder.assetcatalog; path = Assets.xcassets; sourceTree = "<group>"; };
		BE7D901E2955752900919828 /* Base */ = {isa = PBXFileReference; lastKnownFileType = file.storyboard; name = Base; path = Base.lproj/LaunchScreen.storyboard; sourceTree = "<group>"; };
		BE7D90202955752900919828 /* Info.plist */ = {isa = PBXFileReference; lastKnownFileType = text.plist.xml; path = Info.plist; sourceTree = "<group>"; };
		BE7D902D29557AF800919828 /* TaskEntity.swift */ = {isa = PBXFileReference; lastKnownFileType = sourcecode.swift; path = TaskEntity.swift; sourceTree = "<group>"; };
		BE7D903429557ED300919828 /* MainViewModel.swift */ = {isa = PBXFileReference; lastKnownFileType = sourcecode.swift; path = MainViewModel.swift; sourceTree = "<group>"; };
		BE7D9037295580E600919828 /* TextField + Extension.swift */ = {isa = PBXFileReference; lastKnownFileType = sourcecode.swift; path = "TextField + Extension.swift"; sourceTree = "<group>"; };
		BE7D90392955848100919828 /* MainTableViewCell.swift */ = {isa = PBXFileReference; lastKnownFileType = sourcecode.swift; path = MainTableViewCell.swift; sourceTree = "<group>"; };
		BE7D903B29558BA600919828 /* CoreDataManager.swift */ = {isa = PBXFileReference; lastKnownFileType = sourcecode.swift; path = CoreDataManager.swift; sourceTree = "<group>"; };
		BE7D903D2955952A00919828 /* ModuleBuilder.swift */ = {isa = PBXFileReference; lastKnownFileType = sourcecode.swift; path = ModuleBuilder.swift; sourceTree = "<group>"; };
/* End PBXFileReference section */

/* Begin PBXFrameworksBuildPhase section */
		BE7D90092955752100919828 /* Frameworks */ = {
			isa = PBXFrameworksBuildPhase;
			buildActionMask = 2147483647;
			files = (
				BE7D903329557BCF00919828 /* SnapKit in Frameworks */,
			);
			runOnlyForDeploymentPostprocessing = 0;
		};
/* End PBXFrameworksBuildPhase section */

/* Begin PBXGroup section */
		BE7D90032955752100919828 = {
			isa = PBXGroup;
			children = (
				BE7D900E2955752100919828 /* TestTaskForCFT */,
				BE7D900D2955752100919828 /* Products */,
			);
			sourceTree = "<group>";
		};
		BE7D900D2955752100919828 /* Products */ = {
			isa = PBXGroup;
			children = (
				BE7D900C2955752100919828 /* TestTaskForCFT.app */,
			);
			name = Products;
			sourceTree = "<group>";
		};
		BE7D900E2955752100919828 /* TestTaskForCFT */ = {
			isa = PBXGroup;
			children = (
				BE7D9027295576A500919828 /* Resources */,
				BE7D90262955769B00919828 /* Sources */,
			);
			path = TestTaskForCFT;
			sourceTree = "<group>";
		};
		BE7D90262955769B00919828 /* Sources */ = {
			isa = PBXGroup;
			children = (
				BE7D9028295576FC00919828 /* App */,
				BE7D90292955770700919828 /* Modules */,
				BE7D902B295578A100919828 /* DataBase */,
				BE7D902A2955788100919828 /* Helpers */,
				BE7D902C295578AE00919828 /* Extensions */,
			);
			path = Sources;
			sourceTree = "<group>";
		};
		BE7D9027295576A500919828 /* Resources */ = {
			isa = PBXGroup;
			children = (
				BE7D901B2955752900919828 /* Assets.xcassets */,
				BE7D90202955752900919828 /* Info.plist */,
				BE7D901D2955752900919828 /* LaunchScreen.storyboard */,
			);
			path = Resources;
			sourceTree = "<group>";
		};
		BE7D9028295576FC00919828 /* App */ = {
			isa = PBXGroup;
			children = (
				BE7D900F2955752100919828 /* AppDelegate.swift */,
				BE7D90112955752200919828 /* SceneDelegate.swift */,
			);
			path = App;
			sourceTree = "<group>";
		};
		BE7D90292955770700919828 /* Modules */ = {
			isa = PBXGroup;
			children = (
				BE7D902F29557B4B00919828 /* MainModule */,
				BE7D903029557B5C00919828 /* DetailModule */,
			);
			path = Modules;
			sourceTree = "<group>";
		};
		BE7D902A2955788100919828 /* Helpers */ = {
			isa = PBXGroup;
			children = (
				BE7D903D2955952A00919828 /* ModuleBuilder.swift */,
			);
			path = Helpers;
			sourceTree = "<group>";
		};
		BE7D902B295578A100919828 /* DataBase */ = {
			isa = PBXGroup;
			children = (
				BE7D90182955752200919828 /* TestTaskForCFT.xcdatamodeld */,
				BE7D902D29557AF800919828 /* TaskEntity.swift */,
				BE7D903B29558BA600919828 /* CoreDataManager.swift */,
			);
			path = DataBase;
			sourceTree = "<group>";
		};
		BE7D902C295578AE00919828 /* Extensions */ = {
			isa = PBXGroup;
			children = (
				BE7D9037295580E600919828 /* TextField + Extension.swift */,
			);
			path = Extensions;
			sourceTree = "<group>";
		};
		BE7D902F29557B4B00919828 /* MainModule */ = {
			isa = PBXGroup;
			children = (
				BE7D903629557ED900919828 /* Cell */,
				BE7D90132955752200919828 /* MainViewController.swift */,
				BE7D903429557ED300919828 /* MainViewModel.swift */,
			);
			path = MainModule;
			sourceTree = "<group>";
		};
		BE7D903029557B5C00919828 /* DetailModule */ = {
			isa = PBXGroup;
			children = (
				BE120D1D29581D3C001688BE /* DetailViewController.swift */,
			);
			path = DetailModule;
			sourceTree = "<group>";
		};
		BE7D903629557ED900919828 /* Cell */ = {
			isa = PBXGroup;
			children = (
				BE7D90392955848100919828 /* MainTableViewCell.swift */,
			);
			path = Cell;
			sourceTree = "<group>";
		};
/* End PBXGroup section */

/* Begin PBXNativeTarget section */
		BE7D900B2955752100919828 /* TestTaskForCFT */ = {
			isa = PBXNativeTarget;
			buildConfigurationList = BE7D90232955752900919828 /* Build configuration list for PBXNativeTarget "TestTaskForCFT" */;
			buildPhases = (
				BE7D90082955752100919828 /* Sources */,
				BE7D90092955752100919828 /* Frameworks */,
				BE7D900A2955752100919828 /* Resources */,
			);
			buildRules = (
			);
			dependencies = (
			);
			name = TestTaskForCFT;
			packageProductDependencies = (
				BE7D903229557BCF00919828 /* SnapKit */,
			);
			productName = TestTaskForCFT;
			productReference = BE7D900C2955752100919828 /* TestTaskForCFT.app */;
			productType = "com.apple.product-type.application";
		};
/* End PBXNativeTarget section */

/* Begin PBXProject section */
		BE7D90042955752100919828 /* Project object */ = {
			isa = PBXProject;
			attributes = {
				BuildIndependentTargetsInParallel = 1;
				LastSwiftUpdateCheck = 1320;
				LastUpgradeCheck = 1320;
				TargetAttributes = {
					BE7D900B2955752100919828 = {
						CreatedOnToolsVersion = 13.2.1;
					};
				};
			};
			buildConfigurationList = BE7D90072955752100919828 /* Build configuration list for PBXProject "TestTaskForCFT" */;
			compatibilityVersion = "Xcode 13.0";
			developmentRegion = en;
			hasScannedForEncodings = 0;
			knownRegions = (
				en,
				Base,
			);
			mainGroup = BE7D90032955752100919828;
			packageReferences = (
				BE7D903129557BCF00919828 /* XCRemoteSwiftPackageReference "SnapKit" */,
			);
			productRefGroup = BE7D900D2955752100919828 /* Products */;
			projectDirPath = "";
			projectRoot = "";
			targets = (
				BE7D900B2955752100919828 /* TestTaskForCFT */,
			);
		};
/* End PBXProject section */

/* Begin PBXResourcesBuildPhase section */
		BE7D900A2955752100919828 /* Resources */ = {
			isa = PBXResourcesBuildPhase;
			buildActionMask = 2147483647;
			files = (
				BE7D901F2955752900919828 /* LaunchScreen.storyboard in Resources */,
				BE7D901C2955752900919828 /* Assets.xcassets in Resources */,
			);
			runOnlyForDeploymentPostprocessing = 0;
		};
/* End PBXResourcesBuildPhase section */

/* Begin PBXSourcesBuildPhase section */
		BE7D90082955752100919828 /* Sources */ = {
			isa = PBXSourcesBuildPhase;
			buildActionMask = 2147483647;
			files = (
				BE120D1E29581D3C001688BE /* DetailViewController.swift in Sources */,
				BE7D902E29557AF800919828 /* TaskEntity.swift in Sources */,
				BE7D90142955752200919828 /* MainViewController.swift in Sources */,
				BE7D90102955752100919828 /* AppDelegate.swift in Sources */,
				BE7D903E2955952A00919828 /* ModuleBuilder.swift in Sources */,
				BE7D901A2955752200919828 /* TestTaskForCFT.xcdatamodeld in Sources */,
				BE7D90122955752200919828 /* SceneDelegate.swift in Sources */,
				BE7D903529557ED300919828 /* MainViewModel.swift in Sources */,
				BE7D903C29558BA600919828 /* CoreDataManager.swift in Sources */,
				BE7D9038295580E600919828 /* TextField + Extension.swift in Sources */,
				BE7D903A2955848100919828 /* MainTableViewCell.swift in Sources */,
			);
			runOnlyForDeploymentPostprocessing = 0;
		};
/* End PBXSourcesBuildPhase section */

/* Begin PBXVariantGroup section */
		BE7D901D2955752900919828 /* LaunchScreen.storyboard */ = {
			isa = PBXVariantGroup;
			children = (
				BE7D901E2955752900919828 /* Base */,
			);
			name = LaunchScreen.storyboard;
			sourceTree = "<group>";
		};
/* End PBXVariantGroup section */

/* Begin XCBuildConfiguration section */
		BE7D90212955752900919828 /* Debug */ = {
			isa = XCBuildConfiguration;
			buildSettings = {
				ALWAYS_SEARCH_USER_PATHS = NO;
				CLANG_ANALYZER_NONNULL = YES;
				CLANG_ANALYZER_NUMBER_OBJECT_CONVERSION = YES_AGGRESSIVE;
				CLANG_CXX_LANGUAGE_STANDARD = "gnu++17";
				CLANG_CXX_LIBRARY = "libc++";
				CLANG_ENABLE_MODULES = YES;
				CLANG_ENABLE_OBJC_ARC = YES;
				CLANG_ENABLE_OBJC_WEAK = YES;
				CLANG_WARN_BLOCK_CAPTURE_AUTORELEASING = YES;
				CLANG_WARN_BOOL_CONVERSION = YES;
				CLANG_WARN_COMMA = YES;
				CLANG_WARN_CONSTANT_CONVERSION = YES;
				CLANG_WARN_DEPRECATED_OBJC_IMPLEMENTATIONS = YES;
				CLANG_WARN_DIRECT_OBJC_ISA_USAGE = YES_ERROR;
				CLANG_WARN_DOCUMENTATION_COMMENTS = YES;
				CLANG_WARN_EMPTY_BODY = YES;
				CLANG_WARN_ENUM_CONVERSION = YES;
				CLANG_WARN_INFINITE_RECURSION = YES;
				CLANG_WARN_INT_CONVERSION = YES;
				CLANG_WARN_NON_LITERAL_NULL_CONVERSION = YES;
				CLANG_WARN_OBJC_IMPLICIT_RETAIN_SELF = YES;
				CLANG_WARN_OBJC_LITERAL_CONVERSION = YES;
				CLANG_WARN_OBJC_ROOT_CLASS = YES_ERROR;
				CLANG_WARN_QUOTED_INCLUDE_IN_FRAMEWORK_HEADER = YES;
				CLANG_WARN_RANGE_LOOP_ANALYSIS = YES;
				CLANG_WARN_STRICT_PROTOTYPES = YES;
				CLANG_WARN_SUSPICIOUS_MOVE = YES;
				CLANG_WARN_UNGUARDED_AVAILABILITY = YES_AGGRESSIVE;
				CLANG_WARN_UNREACHABLE_CODE = YES;
				CLANG_WARN__DUPLICATE_METHOD_MATCH = YES;
				COPY_PHASE_STRIP = NO;
				DEBUG_INFORMATION_FORMAT = dwarf;
				ENABLE_STRICT_OBJC_MSGSEND = YES;
				ENABLE_TESTABILITY = YES;
				GCC_C_LANGUAGE_STANDARD = gnu11;
				GCC_DYNAMIC_NO_PIC = NO;
				GCC_NO_COMMON_BLOCKS = YES;
				GCC_OPTIMIZATION_LEVEL = 0;
				GCC_PREPROCESSOR_DEFINITIONS = (
					"DEBUG=1",
					"$(inherited)",
				);
				GCC_WARN_64_TO_32_BIT_CONVERSION = YES;
				GCC_WARN_ABOUT_RETURN_TYPE = YES_ERROR;
				GCC_WARN_UNDECLARED_SELECTOR = YES;
				GCC_WARN_UNINITIALIZED_AUTOS = YES_AGGRESSIVE;
				GCC_WARN_UNUSED_FUNCTION = YES;
				GCC_WARN_UNUSED_VARIABLE = YES;
				IPHONEOS_DEPLOYMENT_TARGET = 15.2;
				MTL_ENABLE_DEBUG_INFO = INCLUDE_SOURCE;
				MTL_FAST_MATH = YES;
				ONLY_ACTIVE_ARCH = YES;
				SDKROOT = iphoneos;
				SWIFT_ACTIVE_COMPILATION_CONDITIONS = DEBUG;
				SWIFT_OPTIMIZATION_LEVEL = "-Onone";
			};
			name = Debug;
		};
		BE7D90222955752900919828 /* Release */ = {
			isa = XCBuildConfiguration;
			buildSettings = {
				ALWAYS_SEARCH_USER_PATHS = NO;
				CLANG_ANALYZER_NONNULL = YES;
				CLANG_ANALYZER_NUMBER_OBJECT_CONVERSION = YES_AGGRESSIVE;
				CLANG_CXX_LANGUAGE_STANDARD = "gnu++17";
				CLANG_CXX_LIBRARY = "libc++";
				CLANG_ENABLE_MODULES = YES;
				CLANG_ENABLE_OBJC_ARC = YES;
				CLANG_ENABLE_OBJC_WEAK = YES;
				CLANG_WARN_BLOCK_CAPTURE_AUTORELEASING = YES;
				CLANG_WARN_BOOL_CONVERSION = YES;
				CLANG_WARN_COMMA = YES;
				CLANG_WARN_CONSTANT_CONVERSION = YES;
				CLANG_WARN_DEPRECATED_OBJC_IMPLEMENTATIONS = YES;
				CLANG_WARN_DIRECT_OBJC_ISA_USAGE = YES_ERROR;
				CLANG_WARN_DOCUMENTATION_COMMENTS = YES;
				CLANG_WARN_EMPTY_BODY = YES;
				CLANG_WARN_ENUM_CONVERSION = YES;
				CLANG_WARN_INFINITE_RECURSION = YES;
				CLANG_WARN_INT_CONVERSION = YES;
				CLANG_WARN_NON_LITERAL_NULL_CONVERSION = YES;
				CLANG_WARN_OBJC_IMPLICIT_RETAIN_SELF = YES;
				CLANG_WARN_OBJC_LITERAL_CONVERSION = YES;
				CLANG_WARN_OBJC_ROOT_CLASS = YES_ERROR;
				CLANG_WARN_QUOTED_INCLUDE_IN_FRAMEWORK_HEADER = YES;
				CLANG_WARN_RANGE_LOOP_ANALYSIS = YES;
				CLANG_WARN_STRICT_PROTOTYPES = YES;
				CLANG_WARN_SUSPICIOUS_MOVE = YES;
				CLANG_WARN_UNGUARDED_AVAILABILITY = YES_AGGRESSIVE;
				CLANG_WARN_UNREACHABLE_CODE = YES;
				CLANG_WARN__DUPLICATE_METHOD_MATCH = YES;
				COPY_PHASE_STRIP = NO;
				DEBUG_INFORMATION_FORMAT = "dwarf-with-dsym";
				ENABLE_NS_ASSERTIONS = NO;
				ENABLE_STRICT_OBJC_MSGSEND = YES;
				GCC_C_LANGUAGE_STANDARD = gnu11;
				GCC_NO_COMMON_BLOCKS = YES;
				GCC_WARN_64_TO_32_BIT_CONVERSION = YES;
				GCC_WARN_ABOUT_RETURN_TYPE = YES_ERROR;
				GCC_WARN_UNDECLARED_SELECTOR = YES;
				GCC_WARN_UNINITIALIZED_AUTOS = YES_AGGRESSIVE;
				GCC_WARN_UNUSED_FUNCTION = YES;
				GCC_WARN_UNUSED_VARIABLE = YES;
				IPHONEOS_DEPLOYMENT_TARGET = 15.2;
				MTL_ENABLE_DEBUG_INFO = NO;
				MTL_FAST_MATH = YES;
				SDKROOT = iphoneos;
				SWIFT_COMPILATION_MODE = wholemodule;
				SWIFT_OPTIMIZATION_LEVEL = "-O";
				VALIDATE_PRODUCT = YES;
			};
			name = Release;
		};
		BE7D90242955752900919828 /* Debug */ = {
			isa = XCBuildConfiguration;
			buildSettings = {
				ASSETCATALOG_COMPILER_APPICON_NAME = AppIcon;
				ASSETCATALOG_COMPILER_GLOBAL_ACCENT_COLOR_NAME = AccentColor;
				CODE_SIGN_STYLE = Automatic;
				CURRENT_PROJECT_VERSION = 1;
				DEVELOPMENT_TEAM = 65ZD43WNWU;
				GENERATE_INFOPLIST_FILE = YES;
				INFOPLIST_FILE = TestTaskForCFT/Resources/Info.plist;
				INFOPLIST_KEY_UIApplicationSupportsIndirectInputEvents = YES;
				INFOPLIST_KEY_UILaunchStoryboardName = LaunchScreen;
				INFOPLIST_KEY_UISupportedInterfaceOrientations_iPad = "UIInterfaceOrientationPortrait UIInterfaceOrientationPortraitUpsideDown UIInterfaceOrientationLandscapeLeft UIInterfaceOrientationLandscapeRight";
				INFOPLIST_KEY_UISupportedInterfaceOrientations_iPhone = "UIInterfaceOrientationPortrait UIInterfaceOrientationLandscapeLeft UIInterfaceOrientationLandscapeRight";
				LD_RUNPATH_SEARCH_PATHS = (
					"$(inherited)",
					"@executable_path/Frameworks",
				);
				MARKETING_VERSION = 1.0;
				PRODUCT_BUNDLE_IDENTIFIER = viktorBasiev.TestTaskForCFT;
				PRODUCT_NAME = "$(TARGET_NAME)";
				SWIFT_EMIT_LOC_STRINGS = YES;
				SWIFT_VERSION = 5.0;
				TARGETED_DEVICE_FAMILY = "1,2";
			};
			name = Debug;
		};
		BE7D90252955752900919828 /* Release */ = {
			isa = XCBuildConfiguration;
			buildSettings = {
				ASSETCATALOG_COMPILER_APPICON_NAME = AppIcon;
				ASSETCATALOG_COMPILER_GLOBAL_ACCENT_COLOR_NAME = AccentColor;
				CODE_SIGN_STYLE = Automatic;
				CURRENT_PROJECT_VERSION = 1;
				DEVELOPMENT_TEAM = 65ZD43WNWU;
				GENERATE_INFOPLIST_FILE = YES;
				INFOPLIST_FILE = TestTaskForCFT/Resources/Info.plist;
				INFOPLIST_KEY_UIApplicationSupportsIndirectInputEvents = YES;
				INFOPLIST_KEY_UILaunchStoryboardName = LaunchScreen;
				INFOPLIST_KEY_UISupportedInterfaceOrientations_iPad = "UIInterfaceOrientationPortrait UIInterfaceOrientationPortraitUpsideDown UIInterfaceOrientationLandscapeLeft UIInterfaceOrientationLandscapeRight";
				INFOPLIST_KEY_UISupportedInterfaceOrientations_iPhone = "UIInterfaceOrientationPortrait UIInterfaceOrientationLandscapeLeft UIInterfaceOrientationLandscapeRight";
				LD_RUNPATH_SEARCH_PATHS = (
					"$(inherited)",
					"@executable_path/Frameworks",
				);
				MARKETING_VERSION = 1.0;
				PRODUCT_BUNDLE_IDENTIFIER = viktorBasiev.TestTaskForCFT;
				PRODUCT_NAME = "$(TARGET_NAME)";
				SWIFT_EMIT_LOC_STRINGS = YES;
				SWIFT_VERSION = 5.0;
				TARGETED_DEVICE_FAMILY = "1,2";
			};
			name = Release;
		};
/* End XCBuildConfiguration section */

/* Begin XCConfigurationList section */
		BE7D90072955752100919828 /* Build configuration list for PBXProject "TestTaskForCFT" */ = {
			isa = XCConfigurationList;
			buildConfigurations = (
				BE7D90212955752900919828 /* Debug */,
				BE7D90222955752900919828 /* Release */,
			);
			defaultConfigurationIsVisible = 0;
			defaultConfigurationName = Release;
		};
		BE7D90232955752900919828 /* Build configuration list for PBXNativeTarget "TestTaskForCFT" */ = {
			isa = XCConfigurationList;
			buildConfigurations = (
				BE7D90242955752900919828 /* Debug */,
				BE7D90252955752900919828 /* Release */,
			);
			defaultConfigurationIsVisible = 0;
			defaultConfigurationName = Release;
		};
/* End XCConfigurationList section */

/* Begin XCRemoteSwiftPackageReference section */
		BE7D903129557BCF00919828 /* XCRemoteSwiftPackageReference "SnapKit" */ = {
			isa = XCRemoteSwiftPackageReference;
			repositoryURL = "https://github.com/SnapKit/SnapKit.git";
			requirement = {
				branch = develop;
				kind = branch;
			};
		};
/* End XCRemoteSwiftPackageReference section */

/* Begin XCSwiftPackageProductDependency section */
		BE7D903229557BCF00919828 /* SnapKit */ = {
			isa = XCSwiftPackageProductDependency;
			package = BE7D903129557BCF00919828 /* XCRemoteSwiftPackageReference "SnapKit" */;
			productName = SnapKit;
		};
/* End XCSwiftPackageProductDependency section */

/* Begin XCVersionGroup section */
		BE7D90182955752200919828 /* TestTaskForCFT.xcdatamodeld */ = {
			isa = XCVersionGroup;
			children = (
				BE7D90192955752200919828 /* TestTaskForCFT.xcdatamodel */,
			);
			currentVersion = BE7D90192955752200919828 /* TestTaskForCFT.xcdatamodel */;
			path = TestTaskForCFT.xcdatamodeld;
			sourceTree = "<group>";
			versionGroupType = wrapper.xcdatamodel;
		};
/* End XCVersionGroup section */
	};
	rootObject = BE7D90042955752100919828 /* Project object */;
}
